
Microsoft Visual Studio Solution File, Format Version 12.00
# Visual Studio Version 17
VisualStudioVersion = 17.7.34031.279
MinimumVisualStudioVersion = 10.0.40219.1
Project("{FAE04EC0-301F-11D3-BF4B-00C04F79EFBC}") = "Task3Thread", "Task3Thread\Task3Thread.csproj", "{50873CBC-29A3-42F1-9E55-9D377DCE90F2}"
EndProject
Global
	GlobalSection(SolutionConfigurationPlatforms) = preSolution
		Debug|Any CPU = Debug|Any CPU
		Release|Any CPU = Release|Any CPU
	EndGlobalSection
	GlobalSection(ProjectConfigurationPlatforms) = postSolution
		{50873CBC-29A3-42F1-9E55-9D377DCE90F2}.Debug|Any CPU.ActiveCfg = Debug|Any CPU
		{50873CBC-29A3-42F1-9E55-9D377DCE90F2}.Debug|Any CPU.Build.0 = Debug|Any CPU
		{50873CBC-29A3-42F1-9E55-9D377DCE90F2}.Release|Any CPU.ActiveCfg = Release|Any CPU
		{50873CBC-29A3-42F1-9E55-9D377DCE90F2}.Release|Any CPU.Build.0 = Release|Any CPU
	EndGlobalSection
	GlobalSection(SolutionProperties) = preSolution
		HideSolutionNode = FALSE
	EndGlobalSection
	GlobalSection(ExtensibilityGlobals) = postSolution
		SolutionGuid = {88461E29-EDD4-4A79-83C1-64791F97E971}
	EndGlobalSection
EndGlobal
