
Microsoft Visual Studio Solution File, Format Version 12.00
# Visual Studio Version 17
VisualStudioVersion = 17.7.34031.279
MinimumVisualStudioVersion = 10.0.40219.1
Project("{FAE04EC0-301F-11D3-BF4B-00C04F79EFBC}") = "Task4Thread", "Task4Thread\Task4Thread.csproj", "{DCEEAC38-380D-4FE9-8055-071EBD8834C2}"
EndProject
Global
	GlobalSection(SolutionConfigurationPlatforms) = preSolution
		Debug|Any CPU = Debug|Any CPU
		Release|Any CPU = Release|Any CPU
	EndGlobalSection
	GlobalSection(ProjectConfigurationPlatforms) = postSolution
		{DCEEAC38-380D-4FE9-8055-071EBD8834C2}.Debug|Any CPU.ActiveCfg = Debug|Any CPU
		{DCEEAC38-380D-4FE9-8055-071EBD8834C2}.Debug|Any CPU.Build.0 = Debug|Any CPU
		{DCEEAC38-380D-4FE9-8055-071EBD8834C2}.Release|Any CPU.ActiveCfg = Release|Any CPU
		{DCEEAC38-380D-4FE9-8055-071EBD8834C2}.Release|Any CPU.Build.0 = Release|Any CPU
	EndGlobalSection
	GlobalSection(SolutionProperties) = preSolution
		HideSolutionNode = FALSE
	EndGlobalSection
	GlobalSection(ExtensibilityGlobals) = postSolution
		SolutionGuid = {40C55622-0717-4B8F-8324-3154B01FA1AD}
	EndGlobalSection
EndGlobal
