
Microsoft Visual Studio Solution File, Format Version 12.00
# Visual Studio Version 17
VisualStudioVersion = 17.7.34031.279
MinimumVisualStudioVersion = 10.0.40219.1
Project("{FAE04EC0-301F-11D3-BF4B-00C04F79EFBC}") = "TaskThread2", "TaskThread2\TaskThread2.csproj", "{984AB14D-D8F0-4257-B2C2-8128A304158E}"
EndProject
Global
	GlobalSection(SolutionConfigurationPlatforms) = preSolution
		Debug|Any CPU = Debug|Any CPU
		Release|Any CPU = Release|Any CPU
	EndGlobalSection
	GlobalSection(ProjectConfigurationPlatforms) = postSolution
		{984AB14D-D8F0-4257-B2C2-8128A304158E}.Debug|Any CPU.ActiveCfg = Debug|Any CPU
		{984AB14D-D8F0-4257-B2C2-8128A304158E}.Debug|Any CPU.Build.0 = Debug|Any CPU
		{984AB14D-D8F0-4257-B2C2-8128A304158E}.Release|Any CPU.ActiveCfg = Release|Any CPU
		{984AB14D-D8F0-4257-B2C2-8128A304158E}.Release|Any CPU.Build.0 = Release|Any CPU
	EndGlobalSection
	GlobalSection(SolutionProperties) = preSolution
		HideSolutionNode = FALSE
	EndGlobalSection
	GlobalSection(ExtensibilityGlobals) = postSolution
		SolutionGuid = {E673D126-82E9-4B1C-BF2D-B4ABF7C58C3F}
	EndGlobalSection
EndGlobal
